
Microsoft Visual Studio Solution File, Format Version 10.00
# Visual Studio 2008
Project("{8BC9CEB8-8B4A-11D0-8D11-00A0C91BC942}") = "contact_list", "plugins\contact_list\contact_list.vcproj", "{954CB916-3B4E-495A-BC1F-EBAAE4F5F079}"
	GlobalSection(Qt) = preSolution
		Integration = True
	EndGlobalSection
EndProject
Project("{8BC9CEB8-8B4A-11D0-8D11-00A0C91BC942}") = "core", "core\core.vcproj", "{877E5B96-3899-42B2-A15C-4FE3DB756678}"
	GlobalSection(Qt) = preSolution
		Integration = True
	EndGlobalSection
	ProjectSection(ProjectDependencies) = postProject
		{D96F1202-81DB-4C5E-9FC7-A3A8AD1EF314} = {D96F1202-81DB-4C5E-9FC7-A3A8AD1EF314}
		{FEAD6707-F356-4EDA-AC12-C03B0F4B7847} = {FEAD6707-F356-4EDA-AC12-C03B0F4B7847}
		{954CB916-3B4E-495A-BC1F-EBAAE4F5F079} = {954CB916-3B4E-495A-BC1F-EBAAE4F5F079}
		{37A94F2B-7798-4519-AD42-689169234896} = {37A94F2B-7798-4519-AD42-689169234896}
		{88A3D136-1D0F-4275-B885-9E585766B957} = {88A3D136-1D0F-4275-B885-9E585766B957}
		{F6CA5A48-880A-4E92-A08F-5FEEF03EA1BE} = {F6CA5A48-880A-4E92-A08F-5FEEF03EA1BE}
		{A17AFD52-EB94-49D5-AB27-C6A8FD06B449} = {A17AFD52-EB94-49D5-AB27-C6A8FD06B449}
		{F33B8055-FC8B-4D46-B573-02BD00369036} = {F33B8055-FC8B-4D46-B573-02BD00369036}
		{C2A25156-FFF4-4C4D-B9EA-FADFB4AC7D31} = {C2A25156-FFF4-4C4D-B9EA-FADFB4AC7D31}
		{B1B5FD62-027D-4B9C-B9EB-2865C9A44F7B} = {B1B5FD62-027D-4B9C-B9EB-2865C9A44F7B}
		{E7ACEC67-B576-4341-834F-9083EF6873A3} = {E7ACEC67-B576-4341-834F-9083EF6873A3}
		{4DABB88D-590F-44FC-AB2F-B2CC47A6E9DC} = {4DABB88D-590F-44FC-AB2F-B2CC47A6E9DC}
		{E26B3A99-54F0-49F6-BFF7-D3ECBB72E178} = {E26B3A99-54F0-49F6-BFF7-D3ECBB72E178}
		{6C7F09B2-1F67-414A-B98C-F8AB15DE0B86} = {6C7F09B2-1F67-414A-B98C-F8AB15DE0B86}
		{CDCD8DD5-B703-4F95-B60A-D3EC23C4AAC1} = {CDCD8DD5-B703-4F95-B60A-D3EC23C4AAC1}
		{D81814EC-058C-4CD6-966D-8CF1C92E7D3B} = {D81814EC-058C-4CD6-966D-8CF1C92E7D3B}
		{BBFF5BF5-5C61-44A6-99B1-0FC8CB7234CB} = {BBFF5BF5-5C61-44A6-99B1-0FC8CB7234CB}
		{A230DAF7-2B46-40FE-B893-62DEF9392C45} = {A230DAF7-2B46-40FE-B893-62DEF9392C45}
	EndProjectSection
EndProject
Project("{8BC9CEB8-8B4A-11D0-8D11-00A0C91BC942}") = "main_window", "plugins\main_window\main_window.vcproj", "{4DABB88D-590F-44FC-AB2F-B2CC47A6E9DC}"
	GlobalSection(Qt) = preSolution
		Integration = True
	EndGlobalSection
EndProject
Project("{8BC9CEB8-8B4A-11D0-8D11-00A0C91BC942}") = "icons", "plugins\icons\icons.vcproj", "{BBFF5BF5-5C61-44A6-99B1-0FC8CB7234CB}"
	GlobalSection(Qt) = preSolution
		Integration = True
	EndGlobalSection
EndProject
Project("{8BC9CEB8-8B4A-11D0-8D11-00A0C91BC942}") = "options", "plugins\options\options.vcproj", "{F6CA5A48-880A-4E92-A08F-5FEEF03EA1BE}"
	GlobalSection(Qt) = preSolution
		Integration = True
	EndGlobalSection
EndProject
Project("{8BC9CEB8-8B4A-11D0-8D11-00A0C91BC942}") = "accounts", "plugins\accounts\accounts.vcproj", "{C2A25156-FFF4-4C4D-B9EA-FADFB4AC7D31}"
	GlobalSection(Qt) = preSolution
		Integration = True
	EndGlobalSection
EndProject
Project("{8BC9CEB8-8B4A-11D0-8D11-00A0C91BC942}") = "jabber", "plugins\jabber\jabber.vcproj", "{A230DAF7-2B46-40FE-B893-62DEF9392C45}"
	GlobalSection(Qt) = preSolution
		Integration = True
	EndGlobalSection
EndProject
Project("{8BC9CEB8-8B4A-11D0-8D11-00A0C91BC942}") = "status_bar", "plugins\status_bar\status_bar.vcproj", "{B1B5FD62-027D-4B9C-B9EB-2865C9A44F7B}"
	GlobalSection(Qt) = preSolution
		Integration = True
	EndGlobalSection
EndProject
Project("{8BC9CEB8-8B4A-11D0-8D11-00A0C91BC942}") = "startup_status", "plugins\startup_status\startup_status.vcproj", "{6C7F09B2-1F67-414A-B98C-F8AB15DE0B86}"
	GlobalSection(Qt) = preSolution
		Integration = True
	EndGlobalSection
EndProject
Project("{8BC9CEB8-8B4A-11D0-8D11-00A0C91BC942}") = "message_window", "plugins\message_window\message_window.vcproj", "{E7ACEC67-B576-4341-834F-9083EF6873A3}"
	GlobalSection(Qt) = preSolution
		Integration = True
	EndGlobalSection
EndProject
Project("{8BC9CEB8-8B4A-11D0-8D11-00A0C91BC942}") = "add_contact", "plugins\add_contact\add_contact.vcproj", "{F33B8055-FC8B-4D46-B573-02BD00369036}"
	GlobalSection(Qt) = preSolution
		Integration = True
	EndGlobalSection
EndProject
Project("{8BC9CEB8-8B4A-11D0-8D11-00A0C91BC942}") = "log_window", "plugins\log_window\log_window.vcproj", "{D96F1202-81DB-4C5E-9FC7-A3A8AD1EF314}"
	GlobalSection(Qt) = preSolution
		Integration = True
	EndGlobalSection
EndProject
Project("{8BC9CEB8-8B4A-11D0-8D11-00A0C91BC942}") = "styles", "plugins\styles\styles.vcproj", "{E26B3A99-54F0-49F6-BFF7-D3ECBB72E178}"
	GlobalSection(Qt) = preSolution
		Integration = True
	EndGlobalSection
EndProject
Project("{8BC9CEB8-8B4A-11D0-8D11-00A0C91BC942}") = "events", "plugins\events\events.vcproj", "{A17AFD52-EB94-49D5-AB27-C6A8FD06B449}"
	GlobalSection(Qt) = preSolution
		Integration = True
	EndGlobalSection
EndProject
Project("{8BC9CEB8-8B4A-11D0-8D11-00A0C91BC942}") = "autoaway", "plugins\autoaway\autoaway.vcproj", "{37A94F2B-7798-4519-AD42-689169234896}"
	GlobalSection(Qt) = preSolution
		Integration = True
	EndGlobalSection
EndProject
Project("{8BC9CEB8-8B4A-11D0-8D11-00A0C91BC942}") = "autoreconnect", "plugins\autoreconnect\autoreconnect.vcproj", "{FEAD6707-F356-4EDA-AC12-C03B0F4B7847}"
	GlobalSection(Qt) = preSolution
		Integration = True
	EndGlobalSection
EndProject
Project("{8BC9CEB8-8B4A-11D0-8D11-00A0C91BC942}") = "history", "plugins\history\history.vcproj", "{CDCD8DD5-B703-4F95-B60A-D3EC23C4AAC1}"
	GlobalSection(Qt) = preSolution
		Integration = True
	EndGlobalSection
EndProject
Project("{8BC9CEB8-8B4A-11D0-8D11-00A0C91BC942}") = "contactinfo", "plugins\contactinfo\contactinfo.vcproj", "{D81814EC-058C-4CD6-966D-8CF1C92E7D3B}"
	GlobalSection(Qt) = preSolution
		Integration = True
	EndGlobalSection
EndProject
Project("{8BC9CEB8-8B4A-11D0-8D11-00A0C91BC942}") = "popup", "plugins\popup\popup.vcproj", "{88A3D136-1D0F-4275-B885-9E585766B957}"
	GlobalSection(Qt) = preSolution
		Integration = True
	EndGlobalSection
EndProject
Global
	GlobalSection(SolutionConfigurationPlatforms) = preSolution
		Debug|Win32 = Debug|Win32
		Release|Win32 = Release|Win32
	EndGlobalSection
	GlobalSection(ProjectConfigurationPlatforms) = postSolution
		{954CB916-3B4E-495A-BC1F-EBAAE4F5F079}.Debug|Win32.ActiveCfg = Debug|Win32
		{954CB916-3B4E-495A-BC1F-EBAAE4F5F079}.Debug|Win32.Build.0 = Debug|Win32
		{954CB916-3B4E-495A-BC1F-EBAAE4F5F079}.Release|Win32.ActiveCfg = Release|Win32
		{954CB916-3B4E-495A-BC1F-EBAAE4F5F079}.Release|Win32.Build.0 = Release|Win32
		{877E5B96-3899-42B2-A15C-4FE3DB756678}.Debug|Win32.ActiveCfg = Debug|Win32
		{877E5B96-3899-42B2-A15C-4FE3DB756678}.Debug|Win32.Build.0 = Debug|Win32
		{877E5B96-3899-42B2-A15C-4FE3DB756678}.Release|Win32.ActiveCfg = Release|Win32
		{877E5B96-3899-42B2-A15C-4FE3DB756678}.Release|Win32.Build.0 = Release|Win32
		{4DABB88D-590F-44FC-AB2F-B2CC47A6E9DC}.Debug|Win32.ActiveCfg = Debug|Win32
		{4DABB88D-590F-44FC-AB2F-B2CC47A6E9DC}.Debug|Win32.Build.0 = Debug|Win32
		{4DABB88D-590F-44FC-AB2F-B2CC47A6E9DC}.Release|Win32.ActiveCfg = Release|Win32
		{4DABB88D-590F-44FC-AB2F-B2CC47A6E9DC}.Release|Win32.Build.0 = Release|Win32
		{BBFF5BF5-5C61-44A6-99B1-0FC8CB7234CB}.Debug|Win32.ActiveCfg = Debug|Win32
		{BBFF5BF5-5C61-44A6-99B1-0FC8CB7234CB}.Debug|Win32.Build.0 = Debug|Win32
		{BBFF5BF5-5C61-44A6-99B1-0FC8CB7234CB}.Release|Win32.ActiveCfg = Release|Win32
		{BBFF5BF5-5C61-44A6-99B1-0FC8CB7234CB}.Release|Win32.Build.0 = Release|Win32
		{F6CA5A48-880A-4E92-A08F-5FEEF03EA1BE}.Debug|Win32.ActiveCfg = Debug|Win32
		{F6CA5A48-880A-4E92-A08F-5FEEF03EA1BE}.Debug|Win32.Build.0 = Debug|Win32
		{F6CA5A48-880A-4E92-A08F-5FEEF03EA1BE}.Release|Win32.ActiveCfg = Release|Win32
		{F6CA5A48-880A-4E92-A08F-5FEEF03EA1BE}.Release|Win32.Build.0 = Release|Win32
		{C2A25156-FFF4-4C4D-B9EA-FADFB4AC7D31}.Debug|Win32.ActiveCfg = Debug|Win32
		{C2A25156-FFF4-4C4D-B9EA-FADFB4AC7D31}.Debug|Win32.Build.0 = Debug|Win32
		{C2A25156-FFF4-4C4D-B9EA-FADFB4AC7D31}.Release|Win32.ActiveCfg = Release|Win32
		{C2A25156-FFF4-4C4D-B9EA-FADFB4AC7D31}.Release|Win32.Build.0 = Release|Win32
		{A230DAF7-2B46-40FE-B893-62DEF9392C45}.Debug|Win32.ActiveCfg = Debug|Win32
		{A230DAF7-2B46-40FE-B893-62DEF9392C45}.Debug|Win32.Build.0 = Debug|Win32
		{A230DAF7-2B46-40FE-B893-62DEF9392C45}.Release|Win32.ActiveCfg = Release|Win32
		{A230DAF7-2B46-40FE-B893-62DEF9392C45}.Release|Win32.Build.0 = Release|Win32
		{B1B5FD62-027D-4B9C-B9EB-2865C9A44F7B}.Debug|Win32.ActiveCfg = Debug|Win32
		{B1B5FD62-027D-4B9C-B9EB-2865C9A44F7B}.Debug|Win32.Build.0 = Debug|Win32
		{B1B5FD62-027D-4B9C-B9EB-2865C9A44F7B}.Release|Win32.ActiveCfg = Release|Win32
		{B1B5FD62-027D-4B9C-B9EB-2865C9A44F7B}.Release|Win32.Build.0 = Release|Win32
		{6C7F09B2-1F67-414A-B98C-F8AB15DE0B86}.Debug|Win32.ActiveCfg = Debug|Win32
		{6C7F09B2-1F67-414A-B98C-F8AB15DE0B86}.Debug|Win32.Build.0 = Debug|Win32
		{6C7F09B2-1F67-414A-B98C-F8AB15DE0B86}.Release|Win32.ActiveCfg = Release|Win32
		{6C7F09B2-1F67-414A-B98C-F8AB15DE0B86}.Release|Win32.Build.0 = Release|Win32
		{E7ACEC67-B576-4341-834F-9083EF6873A3}.Debug|Win32.ActiveCfg = Debug|Win32
		{E7ACEC67-B576-4341-834F-9083EF6873A3}.Debug|Win32.Build.0 = Debug|Win32
		{E7ACEC67-B576-4341-834F-9083EF6873A3}.Release|Win32.ActiveCfg = Release|Win32
		{E7ACEC67-B576-4341-834F-9083EF6873A3}.Release|Win32.Build.0 = Release|Win32
		{F33B8055-FC8B-4D46-B573-02BD00369036}.Debug|Win32.ActiveCfg = Debug|Win32
		{F33B8055-FC8B-4D46-B573-02BD00369036}.Debug|Win32.Build.0 = Debug|Win32
		{F33B8055-FC8B-4D46-B573-02BD00369036}.Release|Win32.ActiveCfg = Release|Win32
		{F33B8055-FC8B-4D46-B573-02BD00369036}.Release|Win32.Build.0 = Release|Win32
		{D96F1202-81DB-4C5E-9FC7-A3A8AD1EF314}.Debug|Win32.ActiveCfg = Debug|Win32
		{D96F1202-81DB-4C5E-9FC7-A3A8AD1EF314}.Debug|Win32.Build.0 = Debug|Win32
		{D96F1202-81DB-4C5E-9FC7-A3A8AD1EF314}.Release|Win32.ActiveCfg = Release|Win32
		{D96F1202-81DB-4C5E-9FC7-A3A8AD1EF314}.Release|Win32.Build.0 = Release|Win32
		{E26B3A99-54F0-49F6-BFF7-D3ECBB72E178}.Debug|Win32.ActiveCfg = Debug|Win32
		{E26B3A99-54F0-49F6-BFF7-D3ECBB72E178}.Debug|Win32.Build.0 = Debug|Win32
		{E26B3A99-54F0-49F6-BFF7-D3ECBB72E178}.Release|Win32.ActiveCfg = Release|Win32
		{E26B3A99-54F0-49F6-BFF7-D3ECBB72E178}.Release|Win32.Build.0 = Release|Win32
		{A17AFD52-EB94-49D5-AB27-C6A8FD06B449}.Debug|Win32.ActiveCfg = Debug|Win32
		{A17AFD52-EB94-49D5-AB27-C6A8FD06B449}.Debug|Win32.Build.0 = Debug|Win32
		{A17AFD52-EB94-49D5-AB27-C6A8FD06B449}.Release|Win32.ActiveCfg = Release|Win32
		{A17AFD52-EB94-49D5-AB27-C6A8FD06B449}.Release|Win32.Build.0 = Release|Win32
		{37A94F2B-7798-4519-AD42-689169234896}.Debug|Win32.ActiveCfg = Debug|Win32
		{37A94F2B-7798-4519-AD42-689169234896}.Debug|Win32.Build.0 = Debug|Win32
		{37A94F2B-7798-4519-AD42-689169234896}.Release|Win32.ActiveCfg = Release|Win32
		{37A94F2B-7798-4519-AD42-689169234896}.Release|Win32.Build.0 = Release|Win32
		{FEAD6707-F356-4EDA-AC12-C03B0F4B7847}.Debug|Win32.ActiveCfg = Debug|Win32
		{FEAD6707-F356-4EDA-AC12-C03B0F4B7847}.Debug|Win32.Build.0 = Debug|Win32
		{FEAD6707-F356-4EDA-AC12-C03B0F4B7847}.Release|Win32.ActiveCfg = Release|Win32
		{FEAD6707-F356-4EDA-AC12-C03B0F4B7847}.Release|Win32.Build.0 = Release|Win32
		{CDCD8DD5-B703-4F95-B60A-D3EC23C4AAC1}.Debug|Win32.ActiveCfg = Debug|Win32
		{CDCD8DD5-B703-4F95-B60A-D3EC23C4AAC1}.Debug|Win32.Build.0 = Debug|Win32
		{CDCD8DD5-B703-4F95-B60A-D3EC23C4AAC1}.Release|Win32.ActiveCfg = Release|Win32
		{CDCD8DD5-B703-4F95-B60A-D3EC23C4AAC1}.Release|Win32.Build.0 = Release|Win32
		{D81814EC-058C-4CD6-966D-8CF1C92E7D3B}.Debug|Win32.ActiveCfg = Debug|Win32
		{D81814EC-058C-4CD6-966D-8CF1C92E7D3B}.Debug|Win32.Build.0 = Debug|Win32
		{D81814EC-058C-4CD6-966D-8CF1C92E7D3B}.Release|Win32.ActiveCfg = Release|Win32
		{D81814EC-058C-4CD6-966D-8CF1C92E7D3B}.Release|Win32.Build.0 = Release|Win32
		{88A3D136-1D0F-4275-B885-9E585766B957}.Debug|Win32.ActiveCfg = Debug|Win32
		{88A3D136-1D0F-4275-B885-9E585766B957}.Debug|Win32.Build.0 = Debug|Win32
		{88A3D136-1D0F-4275-B885-9E585766B957}.Release|Win32.ActiveCfg = Release|Win32
		{88A3D136-1D0F-4275-B885-9E585766B957}.Release|Win32.Build.0 = Release|Win32
	EndGlobalSection
	GlobalSection(SolutionProperties) = preSolution
		HideSolutionNode = FALSE
	EndGlobalSection
EndGlobal
