
Microsoft Visual Studio Solution File, Format Version 10.00
# Visual Studio 2008
Project("{8BC9CEB8-8B4A-11D0-8D11-00A0C91BC942}") = "contactinfo", "contactinfo.vcproj", "{B1B5FD62-027D-4B9C-B9EB-2865C9A44F7B}"
	GlobalSection(Qt) = preSolution
		Integration = True
	EndGlobalSection
EndProject
Global
	GlobalSection(SolutionConfigurationPlatforms) = preSolution
		Debug|Win32 = Debug|Win32
		Release|Win32 = Release|Win32
	EndGlobalSection
	GlobalSection(ProjectConfigurationPlatforms) = postSolution
		{B1B5FD62-027D-4B9C-B9EB-2865C9A44F7B}.Debug|Win32.ActiveCfg = Debug|Win32
		{B1B5FD62-027D-4B9C-B9EB-2865C9A44F7B}.Debug|Win32.Build.0 = Debug|Win32
		{B1B5FD62-027D-4B9C-B9EB-2865C9A44F7B}.Release|Win32.ActiveCfg = Release|Win32
		{B1B5FD62-027D-4B9C-B9EB-2865C9A44F7B}.Release|Win32.Build.0 = Release|Win32
	EndGlobalSection
	GlobalSection(SolutionProperties) = preSolution
		HideSolutionNode = FALSE
	EndGlobalSection
EndGlobal
